
Microsoft Visual Studio Solution File, Format Version 12.00
# Visual Studio Version 17
VisualStudioVersion = 17.14.37516.0 d17.14
MinimumVisualStudioVersion = 10.0.40219.1
Project("{FAE04EC0-301F-11D3-BF4B-00C04F79EFBC}") = "Tutorial_2_2", "Tutorial_2_2\Tutorial_2_2.csproj", "{0DFE547F-5F5B-4348-A0CD-461272CB2236}"
EndProject
Global
	GlobalSection(SolutionConfigurationPlatforms) = preSolution
		Debug|Any CPU = Debug|Any CPU
		Release|Any CPU = Release|Any CPU
	EndGlobalSection
	GlobalSection(ProjectConfigurationPlatforms) = postSolution
		{0DFE547F-5F5B-4348-A0CD-461272CB2236}.Debug|Any CPU.ActiveCfg = Debug|Any CPU
		{0DFE547F-5F5B-4348-A0CD-461272CB2236}.Debug|Any CPU.Build.0 = Debug|Any CPU
		{0DFE547F-5F5B-4348-A0CD-461272CB2236}.Release|Any CPU.ActiveCfg = Release|Any CPU
		{0DFE547F-5F5B-4348-A0CD-461272CB2236}.Release|Any CPU.Build.0 = Release|Any CPU
	EndGlobalSection
	GlobalSection(SolutionProperties) = preSolution
		HideSolutionNode = FALSE
	EndGlobalSection
	GlobalSection(ExtensibilityGlobals) = postSolution
		SolutionGuid = {11972043-B68B-4D42-BA45-C5D31A3D5F49}
	EndGlobalSection
EndGlobal
